
Microsoft Visual Studio Solution File, Format Version 12.00
# Visual Studio Version 16
VisualStudioVersion = 16.0.30503.244
MinimumVisualStudioVersion = 10.0.40219.1
Project("{FAE04EC0-301F-11D3-BF4B-00C04F79EFBC}") = "FBNPC", "MvcApplication1\FBNPC.csproj", "{0C027B30-402D-40C4-AA79-E9E8B1409887}"
EndProject
Global
	GlobalSection(SolutionConfigurationPlatforms) = preSolution
		Debug|Any CPU = Debug|Any CPU
		Release|Any CPU = Release|Any CPU
	EndGlobalSection
	GlobalSection(ProjectConfigurationPlatforms) = postSolution
		{0C027B30-402D-40C4-AA79-E9E8B1409887}.Debug|Any CPU.ActiveCfg = Debug|Any CPU
		{0C027B30-402D-40C4-AA79-E9E8B1409887}.Debug|Any CPU.Build.0 = Debug|Any CPU
		{0C027B30-402D-40C4-AA79-E9E8B1409887}.Release|Any CPU.ActiveCfg = Release|Any CPU
		{0C027B30-402D-40C4-AA79-E9E8B1409887}.Release|Any CPU.Build.0 = Release|Any CPU
	EndGlobalSection
	GlobalSection(SolutionProperties) = preSolution
		HideSolutionNode = FALSE
	EndGlobalSection
	GlobalSection(ExtensibilityGlobals) = postSolution
		SolutionGuid = {9BD3F9F4-32AB-4DF1-84BD-C83E9FC29AB2}
	EndGlobalSection
EndGlobal
